
Microsoft Visual Studio Solution File, Format Version 12.00
# Visual Studio Version 16
VisualStudioVersion = 16.0.31729.503
MinimumVisualStudioVersion = 10.0.40219.1
Project("{9A19103F-16F7-4668-BE54-9A1E7A4F7556}") = "Sber", "WebApplication1\Sber.csproj", "{06F22666-06CE-46E3-8A44-D632393F3C52}"
EndProject
Global
	GlobalSection(SolutionConfigurationPlatforms) = preSolution
		Debug|Any CPU = Debug|Any CPU
		Release|Any CPU = Release|Any CPU
	EndGlobalSection
	GlobalSection(ProjectConfigurationPlatforms) = postSolution
		{06F22666-06CE-46E3-8A44-D632393F3C52}.Debug|Any CPU.ActiveCfg = Debug|Any CPU
		{06F22666-06CE-46E3-8A44-D632393F3C52}.Debug|Any CPU.Build.0 = Debug|Any CPU
		{06F22666-06CE-46E3-8A44-D632393F3C52}.Release|Any CPU.ActiveCfg = Release|Any CPU
		{06F22666-06CE-46E3-8A44-D632393F3C52}.Release|Any CPU.Build.0 = Release|Any CPU
	EndGlobalSection
	GlobalSection(SolutionProperties) = preSolution
		HideSolutionNode = FALSE
	EndGlobalSection
	GlobalSection(ExtensibilityGlobals) = postSolution
		SolutionGuid = {CCC76475-D695-48D3-B9F5-E1328A5BDCBF}
	EndGlobalSection
EndGlobal
